PODS:
  - tkCommonlib (0.5.2):
    - tkCommonlib/fetchModel (= 0.5.2)
    - tkCommonlib/SDCycleScrollView (= 0.5.2)
    - tkCommonlib/SDWebImage (= 0.5.2)
    - tkCommonlib/WebViewJavascriptBridge (= 0.5.2)
  - tkCommonlib/fetchModel (0.5.2)
  - tkCommonlib/SDCycleScrollView (0.5.2)
  - tkCommonlib/SDWebImage (0.5.2)
  - tkCommonlib/WebViewJavascriptBridge (0.5.2)

DEPENDENCIES:
  - tkCommonlib (from `../`)

EXTERNAL SOURCES:
  tkCommonlib:
    :path: "../"

SPEC CHECKSUMS:
  tkCommonlib: 1617bd513436521cd2142bc17424e2399e281348

PODFILE CHECKSUM: 98d50fddf5d6e1caca3cd54b7df6714dfdeea602

COCOAPODS: 1.8.4
