PODS:
  - tkCommonlib (0.1.2):
    - tkCommonlib/WebViewJavascriptBridge (= 0.1.2)
  - tkCommonlib/WebViewJavascriptBridge (0.1.2)

DEPENDENCIES:
  - tkCommonlib (from `../`)

EXTERNAL SOURCES:
  tkCommonlib:
    :path: "../"

SPEC CHECKSUMS:
  tkCommonlib: 59bf5e078dae17150ab98f4d5f8321a592bbdc9a

PODFILE CHECKSUM: 2f6bb23b2054b4a6bdbe5fac9211cf97e62aabb7

COCOAPODS: 1.8.4
